// !$*UTF8*$!
{
	archiveVersion = 1;
	classes = {
	};
	objectVersion = 50;
	objects = {

/* Begin PBXBuildFile section */
		2CEED125C7B1E303E7C328E2 /* libPods-hackaton.a in Frameworks */ = {isa = PBXBuildFile; fileRef = BE616CC38697EA608BAF1AC0 /* libPods-hackaton.a */; };
		C1AB91D722EC948E005B672A /* Main.storyboard in Resources */ = {isa = PBXBuildFile; fileRef = C1AB91D622EC948E005B672A /* Main.storyboard */; };
		C1AB91E322ECBD3E005B672A /* SearchViewController.swift in Sources */ = {isa = PBXBuildFile; fileRef = C1AB91E222ECBD3E005B672A /* SearchViewController.swift */; };
		C1AB91E722ECD8AA005B672A /* Organization.swift in Sources */ = {isa = PBXBuildFile; fileRef = C1AB91E622ECD8AA005B672A /* Organization.swift */; };
		C1AB91E922ECF6EF005B672A /* SocialViewController.swift in Sources */ = {isa = PBXBuildFile; fileRef = C1AB91E822ECF6EF005B672A /* SocialViewController.swift */; };
		C1AB91EB22ED0ED7005B672A /* Gradient.swift in Sources */ = {isa = PBXBuildFile; fileRef = C1AB91EA22ED0ED7005B672A /* Gradient.swift */; };
		C1FD8C7722EC6378001A3BAE /* AppDelegate.swift in Sources */ = {isa = PBXBuildFile; fileRef = C1FD8C7622EC6378001A3BAE /* AppDelegate.swift */; };
		C1FD8C7922EC6378001A3BAE /* MapViewController.swift in Sources */ = {isa = PBXBuildFile; fileRef = C1FD8C7822EC6378001A3BAE /* MapViewController.swift */; };
		C1FD8C7E22EC6379001A3BAE /* Assets.xcassets in Resources */ = {isa = PBXBuildFile; fileRef = C1FD8C7D22EC6379001A3BAE /* Assets.xcassets */; };
		C1FD8C8122EC6379001A3BAE /* LaunchScreen.storyboard in Resources */ = {isa = PBXBuildFile; fileRef = C1FD8C7F22EC6379001A3BAE /* LaunchScreen.storyboard */; };
		C1FD8C8922EC639A001A3BAE /* Podfile in Resources */ = {isa = PBXBuildFile; fileRef = C1FD8C8822EC639A001A3BAE /* Podfile */; };
/* End PBXBuildFile section */

/* Begin PBXFileReference section */
		0D75C36CA2B455FA62F2833A /* Pods-hackaton.debug.xcconfig */ = {isa = PBXFileReference; includeInIndex = 1; lastKnownFileType = text.xcconfig; name = "Pods-hackaton.debug.xcconfig"; path = "Target Support Files/Pods-hackaton/Pods-hackaton.debug.xcconfig"; sourceTree = "<group>"; };
		975F0C55575DCFD129F5759C /* Pods-hackaton.release.xcconfig */ = {isa = PBXFileReference; includeInIndex = 1; lastKnownFileType = text.xcconfig; name = "Pods-hackaton.release.xcconfig"; path = "Target Support Files/Pods-hackaton/Pods-hackaton.release.xcconfig"; sourceTree = "<group>"; };
		BE616CC38697EA608BAF1AC0 /* libPods-hackaton.a */ = {isa = PBXFileReference; explicitFileType = archive.ar; includeInIndex = 0; path = "libPods-hackaton.a"; sourceTree = BUILT_PRODUCTS_DIR; };
		C1AB91D622EC948E005B672A /* Main.storyboard */ = {isa = PBXFileReference; fileEncoding = 4; lastKnownFileType = file.storyboard; path = Main.storyboard; sourceTree = "<group>"; };
		C1AB91E222ECBD3E005B672A /* SearchViewController.swift */ = {isa = PBXFileReference; lastKnownFileType = sourcecode.swift; path = SearchViewController.swift; sourceTree = "<group>"; };
		C1AB91E622ECD8AA005B672A /* Organization.swift */ = {isa = PBXFileReference; lastKnownFileType = sourcecode.swift; path = Organization.swift; sourceTree = "<group>"; };
		C1AB91E822ECF6EF005B672A /* SocialViewController.swift */ = {isa = PBXFileReference; lastKnownFileType = sourcecode.swift; path = SocialViewController.swift; sourceTree = "<group>"; };
		C1AB91EA22ED0ED7005B672A /* Gradient.swift */ = {isa = PBXFileReference; lastKnownFileType = sourcecode.swift; path = Gradient.swift; sourceTree = "<group>"; };
		C1FD8C7322EC6378001A3BAE /* hackaton.app */ = {isa = PBXFileReference; explicitFileType = wrapper.application; includeInIndex = 0; path = hackaton.app; sourceTree = BUILT_PRODUCTS_DIR; };
		C1FD8C7622EC6378001A3BAE /* AppDelegate.swift */ = {isa = PBXFileReference; lastKnownFileType = sourcecode.swift; path = AppDelegate.swift; sourceTree = "<group>"; };
		C1FD8C7822EC6378001A3BAE /* MapViewController.swift */ = {isa = PBXFileReference; lastKnownFileType = sourcecode.swift; path = MapViewController.swift; sourceTree = "<group>"; };
		C1FD8C7D22EC6379001A3BAE /* Assets.xcassets */ = {isa = PBXFileReference; lastKnownFileType = folder.assetcatalog; path = Assets.xcassets; sourceTree = "<group>"; };
		C1FD8C8022EC6379001A3BAE /* Base */ = {isa = PBXFileReference; lastKnownFileType = file.storyboard; name = Base; path = Base.lproj/LaunchScreen.storyboard; sourceTree = "<group>"; };
		C1FD8C8222EC6379001A3BAE /* Info.plist */ = {isa = PBXFileReference; lastKnownFileType = text.plist.xml; path = Info.plist; sourceTree = "<group>"; };
		C1FD8C8822EC639A001A3BAE /* Podfile */ = {isa = PBXFileReference; lastKnownFileType = text; path = Podfile; sourceTree = "<group>"; };
/* End PBXFileReference section */

/* Begin PBXFrameworksBuildPhase section */
		C1FD8C7022EC6378001A3BAE /* Frameworks */ = {
			isa = PBXFrameworksBuildPhase;
			buildActionMask = 2147483647;
			files = (
				2CEED125C7B1E303E7C328E2 /* libPods-hackaton.a in Frameworks */,
			);
			runOnlyForDeploymentPostprocessing = 0;
		};
/* End PBXFrameworksBuildPhase section */

/* Begin PBXGroup section */
		06E65F10B1E7ED6582F9DC79 /* Pods */ = {
			isa = PBXGroup;
			children = (
				0D75C36CA2B455FA62F2833A /* Pods-hackaton.debug.xcconfig */,
				975F0C55575DCFD129F5759C /* Pods-hackaton.release.xcconfig */,
			);
			path = Pods;
			sourceTree = "<group>";
		};
		6BA418C8A78D35B444F128C3 /* Frameworks */ = {
			isa = PBXGroup;
			children = (
				BE616CC38697EA608BAF1AC0 /* libPods-hackaton.a */,
			);
			name = Frameworks;
			sourceTree = "<group>";
		};
		C1FD8C6A22EC6378001A3BAE = {
			isa = PBXGroup;
			children = (
				C1FD8C8822EC639A001A3BAE /* Podfile */,
				C1FD8C7522EC6378001A3BAE /* hackaton */,
				C1FD8C7422EC6378001A3BAE /* Products */,
				06E65F10B1E7ED6582F9DC79 /* Pods */,
				6BA418C8A78D35B444F128C3 /* Frameworks */,
			);
			sourceTree = "<group>";
		};
		C1FD8C7422EC6378001A3BAE /* Products */ = {
			isa = PBXGroup;
			children = (
				C1FD8C7322EC6378001A3BAE /* hackaton.app */,
			);
			name = Products;
			sourceTree = "<group>";
		};
		C1FD8C7522EC6378001A3BAE /* hackaton */ = {
			isa = PBXGroup;
			children = (
				C1FD8C7622EC6378001A3BAE /* AppDelegate.swift */,
				C1FD8C7822EC6378001A3BAE /* MapViewController.swift */,
				C1FD8C7D22EC6379001A3BAE /* Assets.xcassets */,
				C1AB91D622EC948E005B672A /* Main.storyboard */,
				C1AB91E222ECBD3E005B672A /* SearchViewController.swift */,
				C1AB91EA22ED0ED7005B672A /* Gradient.swift */,
				C1AB91E822ECF6EF005B672A /* SocialViewController.swift */,
				C1AB91E622ECD8AA005B672A /* Organization.swift */,
				C1FD8C7F22EC6379001A3BAE /* LaunchScreen.storyboard */,
				C1FD8C8222EC6379001A3BAE /* Info.plist */,
			);
			path = hackaton;
			sourceTree = "<group>";
		};
/* End PBXGroup section */

/* Begin PBXNativeTarget section */
		C1FD8C7222EC6378001A3BAE /* hackaton */ = {
			isa = PBXNativeTarget;
			buildConfigurationList = C1FD8C8522EC6379001A3BAE /* Build configuration list for PBXNativeTarget "hackaton" */;
			buildPhases = (
				2015D509BFE214F467D9F25D /* [CP] Check Pods Manifest.lock */,
				C1FD8C6F22EC6378001A3BAE /* Sources */,
				C1FD8C7022EC6378001A3BAE /* Frameworks */,
				C1FD8C7122EC6378001A3BAE /* Resources */,
				99BEC608AF73019B3C2E347D /* [CP] Embed Pods Frameworks */,
			);
			buildRules = (
			);
			dependencies = (
			);
			name = hackaton;
			productName = hackaton;
			productReference = C1FD8C7322EC6378001A3BAE /* hackaton.app */;
			productType = "com.apple.product-type.application";
		};
/* End PBXNativeTarget section */

/* Begin PBXProject section */
		C1FD8C6B22EC6378001A3BAE /* Project object */ = {
			isa = PBXProject;
			attributes = {
				LastSwiftUpdateCheck = 1030;
				LastUpgradeCheck = 1030;
				ORGANIZATIONNAME = godemodegame;
				TargetAttributes = {
					C1FD8C7222EC6378001A3BAE = {
						CreatedOnToolsVersion = 10.3;
					};
				};
			};
			buildConfigurationList = C1FD8C6E22EC6378001A3BAE /* Build configuration list for PBXProject "hackaton" */;
			compatibilityVersion = "Xcode 9.3";
			developmentRegion = en;
			hasScannedForEncodings = 0;
			knownRegions = (
				en,
				Base,
			);
			mainGroup = C1FD8C6A22EC6378001A3BAE;
			productRefGroup = C1FD8C7422EC6378001A3BAE /* Products */;
			projectDirPath = "";
			projectRoot = "";
			targets = (
				C1FD8C7222EC6378001A3BAE /* hackaton */,
			);
		};
/* End PBXProject section */

/* Begin PBXResourcesBuildPhase section */
		C1FD8C7122EC6378001A3BAE /* Resources */ = {
			isa = PBXResourcesBuildPhase;
			buildActionMask = 2147483647;
			files = (
				C1FD8C8122EC6379001A3BAE /* LaunchScreen.storyboard in Resources */,
				C1FD8C7E22EC6379001A3BAE /* Assets.xcassets in Resources */,
				C1FD8C8922EC639A001A3BAE /* Podfile in Resources */,
				C1AB91D722EC948E005B672A /* Main.storyboard in Resources */,
			);
			runOnlyForDeploymentPostprocessing = 0;
		};
/* End PBXResourcesBuildPhase section */

/* Begin PBXShellScriptBuildPhase section */
		2015D509BFE214F467D9F25D /* [CP] Check Pods Manifest.lock */ = {
			isa = PBXShellScriptBuildPhase;
			buildActionMask = 2147483647;
			files = (
			);
			inputFileListPaths = (
			);
			inputPaths = (
				"${PODS_PODFILE_DIR_PATH}/Podfile.lock",
				"${PODS_ROOT}/Manifest.lock",
			);
			name = "[CP] Check Pods Manifest.lock";
			outputFileListPaths = (
			);
			outputPaths = (
				"$(DERIVED_FILE_DIR)/Pods-hackaton-checkManifestLockResult.txt",
			);
			runOnlyForDeploymentPostprocessing = 0;
			shellPath = /bin/sh;
			shellScript = "diff \"${PODS_PODFILE_DIR_PATH}/Podfile.lock\" \"${PODS_ROOT}/Manifest.lock\" > /dev/null\nif [ $? != 0 ] ; then\n    # print error to STDERR\n    echo \"error: The sandbox is not in sync with the Podfile.lock. Run 'pod install' or update your CocoaPods installation.\" >&2\n    exit 1\nfi\n# This output is used by Xcode 'outputs' to avoid re-running this script phase.\necho \"SUCCESS\" > \"${SCRIPT_OUTPUT_FILE_0}\"\n";
			showEnvVarsInLog = 0;
		};
		99BEC608AF73019B3C2E347D /* [CP] Embed Pods Frameworks */ = {
			isa = PBXShellScriptBuildPhase;
			buildActionMask = 2147483647;
			files = (
			);
			inputFileListPaths = (
			);
			inputPaths = (
				"${PODS_ROOT}/Target Support Files/Pods-hackaton/Pods-hackaton-frameworks.sh",
				"${PODS_ROOT}/HEREMapsStarter/framework/NMAKit.framework",
			);
			name = "[CP] Embed Pods Frameworks";
			outputFileListPaths = (
			);
			outputPaths = (
				"${TARGET_BUILD_DIR}/${FRAMEWORKS_FOLDER_PATH}/NMAKit.framework",
			);
			runOnlyForDeploymentPostprocessing = 0;
			shellPath = /bin/sh;
			shellScript = "\"${PODS_ROOT}/Target Support Files/Pods-hackaton/Pods-hackaton-frameworks.sh\"\n";
			showEnvVarsInLog = 0;
		};
/* End PBXShellScriptBuildPhase section */

/* Begin PBXSourcesBuildPhase section */
		C1FD8C6F22EC6378001A3BAE /* Sources */ = {
			isa = PBXSourcesBuildPhase;
			buildActionMask = 2147483647;
			files = (
				C1AB91E922ECF6EF005B672A /* SocialViewController.swift in Sources */,
				C1AB91E322ECBD3E005B672A /* SearchViewController.swift in Sources */,
				C1FD8C7922EC6378001A3BAE /* MapViewController.swift in Sources */,
				C1AB91E722ECD8AA005B672A /* Organization.swift in Sources */,
				C1FD8C7722EC6378001A3BAE /* AppDelegate.swift in Sources */,
				C1AB91EB22ED0ED7005B672A /* Gradient.swift in Sources */,
			);
			runOnlyForDeploymentPostprocessing = 0;
		};
/* End PBXSourcesBuildPhase section */

/* Begin PBXVariantGroup section */
		C1FD8C7F22EC6379001A3BAE /* LaunchScreen.storyboard */ = {
			isa = PBXVariantGroup;
			children = (
				C1FD8C8022EC6379001A3BAE /* Base */,
			);
			name = LaunchScreen.storyboard;
			sourceTree = "<group>";
		};
/* End PBXVariantGroup section */

/* Begin XCBuildConfiguration section */
		C1FD8C8322EC6379001A3BAE /* Debug */ = {
			isa = XCBuildConfiguration;
			buildSettings = {
				ALWAYS_SEARCH_USER_PATHS = NO;
				CLANG_ANALYZER_NONNULL = YES;
				CLANG_ANALYZER_NUMBER_OBJECT_CONVERSION = YES_AGGRESSIVE;
				CLANG_CXX_LANGUAGE_STANDARD = "gnu++14";
				CLANG_CXX_LIBRARY = "libc++";
				CLANG_ENABLE_MODULES = YES;
				CLANG_ENABLE_OBJC_ARC = YES;
				CLANG_ENABLE_OBJC_WEAK = YES;
				CLANG_WARN_BLOCK_CAPTURE_AUTORELEASING = YES;
				CLANG_WARN_BOOL_CONVERSION = YES;
				CLANG_WARN_COMMA = YES;
				CLANG_WARN_CONSTANT_CONVERSION = YES;
				CLANG_WARN_DEPRECATED_OBJC_IMPLEMENTATIONS = YES;
				CLANG_WARN_DIRECT_OBJC_ISA_USAGE = YES_ERROR;
				CLANG_WARN_DOCUMENTATION_COMMENTS = YES;
				CLANG_WARN_EMPTY_BODY = YES;
				CLANG_WARN_ENUM_CONVERSION = YES;
				CLANG_WARN_INFINITE_RECURSION = YES;
				CLANG_WARN_INT_CONVERSION = YES;
				CLANG_WARN_NON_LITERAL_NULL_CONVERSION = YES;
				CLANG_WARN_OBJC_IMPLICIT_RETAIN_SELF = YES;
				CLANG_WARN_OBJC_LITERAL_CONVERSION = YES;
				CLANG_WARN_OBJC_ROOT_CLASS = YES_ERROR;
				CLANG_WARN_RANGE_LOOP_ANALYSIS = YES;
				CLANG_WARN_STRICT_PROTOTYPES = YES;
				CLANG_WARN_SUSPICIOUS_MOVE = YES;
				CLANG_WARN_UNGUARDED_AVAILABILITY = YES_AGGRESSIVE;
				CLANG_WARN_UNREACHABLE_CODE = YES;
				CLANG_WARN__DUPLICATE_METHOD_MATCH = YES;
				CODE_SIGN_IDENTITY = "iPhone Developer";
				COPY_PHASE_STRIP = NO;
				DEBUG_INFORMATION_FORMAT = dwarf;
				ENABLE_STRICT_OBJC_MSGSEND = YES;
				ENABLE_TESTABILITY = YES;
				GCC_C_LANGUAGE_STANDARD = gnu11;
				GCC_DYNAMIC_NO_PIC = NO;
				GCC_NO_COMMON_BLOCKS = YES;
				GCC_OPTIMIZATION_LEVEL = 0;
				GCC_PREPROCESSOR_DEFINITIONS = (
					"DEBUG=1",
					"$(inherited)",
				);
				GCC_WARN_64_TO_32_BIT_CONVERSION = YES;
				GCC_WARN_ABOUT_RETURN_TYPE = YES_ERROR;
				GCC_WARN_UNDECLARED_SELECTOR = YES;
				GCC_WARN_UNINITIALIZED_AUTOS = YES_AGGRESSIVE;
				GCC_WARN_UNUSED_FUNCTION = YES;
				GCC_WARN_UNUSED_VARIABLE = YES;
				IPHONEOS_DEPLOYMENT_TARGET = 12.4;
				MTL_ENABLE_DEBUG_INFO = INCLUDE_SOURCE;
				MTL_FAST_MATH = YES;
				ONLY_ACTIVE_ARCH = YES;
				SDKROOT = iphoneos;
				SWIFT_ACTIVE_COMPILATION_CONDITIONS = DEBUG;
				SWIFT_OPTIMIZATION_LEVEL = "-Onone";
			};
			name = Debug;
		};
		C1FD8C8422EC6379001A3BAE /* Release */ = {
			isa = XCBuildConfiguration;
			buildSettings = {
				ALWAYS_SEARCH_USER_PATHS = NO;
				CLANG_ANALYZER_NONNULL = YES;
				CLANG_ANALYZER_NUMBER_OBJECT_CONVERSION = YES_AGGRESSIVE;
				CLANG_CXX_LANGUAGE_STANDARD = "gnu++14";
				CLANG_CXX_LIBRARY = "libc++";
				CLANG_ENABLE_MODULES = YES;
				CLANG_ENABLE_OBJC_ARC = YES;
				CLANG_ENABLE_OBJC_WEAK = YES;
				CLANG_WARN_BLOCK_CAPTURE_AUTORELEASING = YES;
				CLANG_WARN_BOOL_CONVERSION = YES;
				CLANG_WARN_COMMA = YES;
				CLANG_WARN_CONSTANT_CONVERSION = YES;
				CLANG_WARN_DEPRECATED_OBJC_IMPLEMENTATIONS = YES;
				CLANG_WARN_DIRECT_OBJC_ISA_USAGE = YES_ERROR;
				CLANG_WARN_DOCUMENTATION_COMMENTS = YES;
				CLANG_WARN_EMPTY_BODY = YES;
				CLANG_WARN_ENUM_CONVERSION = YES;
				CLANG_WARN_INFINITE_RECURSION = YES;
				CLANG_WARN_INT_CONVERSION = YES;
				CLANG_WARN_NON_LITERAL_NULL_CONVERSION = YES;
				CLANG_WARN_OBJC_IMPLICIT_RETAIN_SELF = YES;
				CLANG_WARN_OBJC_LITERAL_CONVERSION = YES;
				CLANG_WARN_OBJC_ROOT_CLASS = YES_ERROR;
				CLANG_WARN_RANGE_LOOP_ANALYSIS = YES;
				CLANG_WARN_STRICT_PROTOTYPES = YES;
				CLANG_WARN_SUSPICIOUS_MOVE = YES;
				CLANG_WARN_UNGUARDED_AVAILABILITY = YES_AGGRESSIVE;
				CLANG_WARN_UNREACHABLE_CODE = YES;
				CLANG_WARN__DUPLICATE_METHOD_MATCH = YES;
				CODE_SIGN_IDENTITY = "iPhone Developer";
				COPY_PHASE_STRIP = NO;
				DEBUG_INFORMATION_FORMAT = "dwarf-with-dsym";
				ENABLE_NS_ASSERTIONS = NO;
				ENABLE_STRICT_OBJC_MSGSEND = YES;
				GCC_C_LANGUAGE_STANDARD = gnu11;
				GCC_NO_COMMON_BLOCKS = YES;
				GCC_WARN_64_TO_32_BIT_CONVERSION = YES;
				GCC_WARN_ABOUT_RETURN_TYPE = YES_ERROR;
				GCC_WARN_UNDECLARED_SELECTOR = YES;
				GCC_WARN_UNINITIALIZED_AUTOS = YES_AGGRESSIVE;
				GCC_WARN_UNUSED_FUNCTION = YES;
				GCC_WARN_UNUSED_VARIABLE = YES;
				IPHONEOS_DEPLOYMENT_TARGET = 12.4;
				MTL_ENABLE_DEBUG_INFO = NO;
				MTL_FAST_MATH = YES;
				SDKROOT = iphoneos;
				SWIFT_COMPILATION_MODE = wholemodule;
				SWIFT_OPTIMIZATION_LEVEL = "-O";
				VALIDATE_PRODUCT = YES;
			};
			name = Release;
		};
		C1FD8C8622EC6379001A3BAE /* Debug */ = {
			isa = XCBuildConfiguration;
			baseConfigurationReference = 0D75C36CA2B455FA62F2833A /* Pods-hackaton.debug.xcconfig */;
			buildSettings = {
				ASSETCATALOG_COMPILER_APPICON_NAME = AppIcon;
				CODE_SIGN_STYLE = Automatic;
				DEVELOPMENT_TEAM = N9SGQL8822;
				INFOPLIST_FILE = hackaton/Info.plist;
				LD_RUNPATH_SEARCH_PATHS = (
					"$(inherited)",
					"@executable_path/Frameworks",
				);
				PRODUCT_BUNDLE_IDENTIFIER = gmg.hackaton;
				PRODUCT_NAME = "$(TARGET_NAME)";
				SWIFT_VERSION = 5.0;
				TARGETED_DEVICE_FAMILY = "1,2";
			};
			name = Debug;
		};
		C1FD8C8722EC6379001A3BAE /* Release */ = {
			isa = XCBuildConfiguration;
			baseConfigurationReference = 975F0C55575DCFD129F5759C /* Pods-hackaton.release.xcconfig */;
			buildSettings = {
				ASSETCATALOG_COMPILER_APPICON_NAME = AppIcon;
				CODE_SIGN_STYLE = Automatic;
				DEVELOPMENT_TEAM = N9SGQL8822;
				INFOPLIST_FILE = hackaton/Info.plist;
				LD_RUNPATH_SEARCH_PATHS = (
					"$(inherited)",
					"@executable_path/Frameworks",
				);
				PRODUCT_BUNDLE_IDENTIFIER = gmg.hackaton;
				PRODUCT_NAME = "$(TARGET_NAME)";
				SWIFT_VERSION = 5.0;
				TARGETED_DEVICE_FAMILY = "1,2";
			};
			name = Release;
		};
/* End XCBuildConfiguration section */

/* Begin XCConfigurationList section */
		C1FD8C6E22EC6378001A3BAE /* Build configuration list for PBXProject "hackaton" */ = {
			isa = XCConfigurationList;
			buildConfigurations = (
				C1FD8C8322EC6379001A3BAE /* Debug */,
				C1FD8C8422EC6379001A3BAE /* Release */,
			);
			defaultConfigurationIsVisible = 0;
			defaultConfigurationName = Release;
		};
		C1FD8C8522EC6379001A3BAE /* Build configuration list for PBXNativeTarget "hackaton" */ = {
			isa = XCConfigurationList;
			buildConfigurations = (
				C1FD8C8622EC6379001A3BAE /* Debug */,
				C1FD8C8722EC6379001A3BAE /* Release */,
			);
			defaultConfigurationIsVisible = 0;
			defaultConfigurationName = Release;
		};
/* End XCConfigurationList section */
	};
	rootObject = C1FD8C6B22EC6378001A3BAE /* Project object */;
}
